
Microsoft Visual Studio Solution File, Format Version 12.00
# Visual Studio Version 16
VisualStudioVersion = 16.0.29411.108
MinimumVisualStudioVersion = 10.0.40219.1
Project("{FAE04EC0-301F-11D3-BF4B-00C04F79EFBC}") = "JwtAuthenticationAndIdentityDemo", "JwtAuthenticationAndIdentityDemo.csproj", "{E94CF20F-97E0-483F-B36E-4133D16E8554}"
EndProject
Global
	GlobalSection(SolutionConfigurationPlatforms) = preSolution
		Debug|Any CPU = Debug|Any CPU
		Release|Any CPU = Release|Any CPU
	EndGlobalSection
	GlobalSection(ProjectConfigurationPlatforms) = postSolution
		{E94CF20F-97E0-483F-B36E-4133D16E8554}.Debug|Any CPU.ActiveCfg = Debug|Any CPU
		{E94CF20F-97E0-483F-B36E-4133D16E8554}.Debug|Any CPU.Build.0 = Debug|Any CPU
		{E94CF20F-97E0-483F-B36E-4133D16E8554}.Release|Any CPU.ActiveCfg = Release|Any CPU
		{E94CF20F-97E0-483F-B36E-4133D16E8554}.Release|Any CPU.Build.0 = Release|Any CPU
	EndGlobalSection
	GlobalSection(SolutionProperties) = preSolution
		HideSolutionNode = FALSE
	EndGlobalSection
	GlobalSection(ExtensibilityGlobals) = postSolution
		SolutionGuid = {227C23D2-C3AE-441D-81E9-F9C158360E9A}
	EndGlobalSection
EndGlobal
